// !$*UTF8*$!
{
	archiveVersion = 1;
	classes = {
	};
	objectVersion = 55;
	objects = {

/* Begin PBXBuildFile section */
		A204C5DD28FDFAA20035B46B /* DetailMusicViewController.swift in Sources */ = {isa = PBXBuildFile; fileRef = A204C5DB28FDFAA20035B46B /* DetailMusicViewController.swift */; };
		A204C5DE28FDFAA20035B46B /* DetailMusicViewController.xib in Resources */ = {isa = PBXBuildFile; fileRef = A204C5DC28FDFAA20035B46B /* DetailMusicViewController.xib */; };
		A2FE7C5328FB2372009A902C /* AppDelegate.swift in Sources */ = {isa = PBXBuildFile; fileRef = A2FE7C5228FB2372009A902C /* AppDelegate.swift */; };
		A2FE7C5528FB2372009A902C /* SceneDelegate.swift in Sources */ = {isa = PBXBuildFile; fileRef = A2FE7C5428FB2372009A902C /* SceneDelegate.swift */; };
		A2FE7C5728FB2372009A902C /* ViewController.swift in Sources */ = {isa = PBXBuildFile; fileRef = A2FE7C5628FB2372009A902C /* ViewController.swift */; };
		A2FE7C5A28FB2372009A902C /* Main.storyboard in Resources */ = {isa = PBXBuildFile; fileRef = A2FE7C5828FB2372009A902C /* Main.storyboard */; };
		A2FE7C5C28FB2373009A902C /* Assets.xcassets in Resources */ = {isa = PBXBuildFile; fileRef = A2FE7C5B28FB2373009A902C /* Assets.xcassets */; };
		A2FE7C5F28FB2373009A902C /* LaunchScreen.storyboard in Resources */ = {isa = PBXBuildFile; fileRef = A2FE7C5D28FB2373009A902C /* LaunchScreen.storyboard */; };
		A2FE7C6D28FB25FC009A902C /* MusicTableViewCell.swift in Sources */ = {isa = PBXBuildFile; fileRef = A2FE7C6B28FB25FC009A902C /* MusicTableViewCell.swift */; };
		A2FE7C6E28FB25FC009A902C /* MusicTableViewCell.xib in Resources */ = {isa = PBXBuildFile; fileRef = A2FE7C6C28FB25FC009A902C /* MusicTableViewCell.xib */; };
		A2FE7C7528FB30AD009A902C /* Datos.swift in Sources */ = {isa = PBXBuildFile; fileRef = A2FE7C7428FB30AD009A902C /* Datos.swift */; };
		A2FE7C7828FB461D009A902C /* SongsTableViewCell.swift in Sources */ = {isa = PBXBuildFile; fileRef = A2FE7C7628FB461D009A902C /* SongsTableViewCell.swift */; };
		A2FE7C7928FB461D009A902C /* SongsTableViewCell.xib in Resources */ = {isa = PBXBuildFile; fileRef = A2FE7C7728FB461D009A902C /* SongsTableViewCell.xib */; };
/* End PBXBuildFile section */

/* Begin PBXFileReference section */
		A204C5DB28FDFAA20035B46B /* DetailMusicViewController.swift */ = {isa = PBXFileReference; lastKnownFileType = sourcecode.swift; path = DetailMusicViewController.swift; sourceTree = "<group>"; };
		A204C5DC28FDFAA20035B46B /* DetailMusicViewController.xib */ = {isa = PBXFileReference; lastKnownFileType = file.xib; path = DetailMusicViewController.xib; sourceTree = "<group>"; };
		A2FE7C4F28FB2372009A902C /* ExamenGis.app */ = {isa = PBXFileReference; explicitFileType = wrapper.application; includeInIndex = 0; path = ExamenGis.app; sourceTree = BUILT_PRODUCTS_DIR; };
		A2FE7C5228FB2372009A902C /* AppDelegate.swift */ = {isa = PBXFileReference; lastKnownFileType = sourcecode.swift; path = AppDelegate.swift; sourceTree = "<group>"; };
		A2FE7C5428FB2372009A902C /* SceneDelegate.swift */ = {isa = PBXFileReference; lastKnownFileType = sourcecode.swift; path = SceneDelegate.swift; sourceTree = "<group>"; };
		A2FE7C5628FB2372009A902C /* ViewController.swift */ = {isa = PBXFileReference; lastKnownFileType = sourcecode.swift; path = ViewController.swift; sourceTree = "<group>"; };
		A2FE7C5928FB2372009A902C /* Base */ = {isa = PBXFileReference; lastKnownFileType = file.storyboard; name = Base; path = Base.lproj/Main.storyboard; sourceTree = "<group>"; };
		A2FE7C5B28FB2373009A902C /* Assets.xcassets */ = {isa = PBXFileReference; lastKnownFileType = folder.assetcatalog; path = Assets.xcassets; sourceTree = "<group>"; };
		A2FE7C5E28FB2373009A902C /* Base */ = {isa = PBXFileReference; lastKnownFileType = file.storyboard; name = Base; path = Base.lproj/LaunchScreen.storyboard; sourceTree = "<group>"; };
		A2FE7C6028FB2373009A902C /* Info.plist */ = {isa = PBXFileReference; lastKnownFileType = text.plist.xml; path = Info.plist; sourceTree = "<group>"; };
		A2FE7C6B28FB25FC009A902C /* MusicTableViewCell.swift */ = {isa = PBXFileReference; lastKnownFileType = sourcecode.swift; path = MusicTableViewCell.swift; sourceTree = "<group>"; };
		A2FE7C6C28FB25FC009A902C /* MusicTableViewCell.xib */ = {isa = PBXFileReference; lastKnownFileType = file.xib; path = MusicTableViewCell.xib; sourceTree = "<group>"; };
		A2FE7C7428FB30AD009A902C /* Datos.swift */ = {isa = PBXFileReference; lastKnownFileType = sourcecode.swift; path = Datos.swift; sourceTree = "<group>"; };
		A2FE7C7628FB461D009A902C /* SongsTableViewCell.swift */ = {isa = PBXFileReference; lastKnownFileType = sourcecode.swift; path = SongsTableViewCell.swift; sourceTree = "<group>"; };
		A2FE7C7728FB461D009A902C /* SongsTableViewCell.xib */ = {isa = PBXFileReference; lastKnownFileType = file.xib; path = SongsTableViewCell.xib; sourceTree = "<group>"; };
/* End PBXFileReference section */

/* Begin PBXFrameworksBuildPhase section */
		A2FE7C4C28FB2372009A902C /* Frameworks */ = {
			isa = PBXFrameworksBuildPhase;
			buildActionMask = 2147483647;
			files = (
			);
			runOnlyForDeploymentPostprocessing = 0;
		};
/* End PBXFrameworksBuildPhase section */

/* Begin PBXGroup section */
		A2FE7C4628FB2372009A902C = {
			isa = PBXGroup;
			children = (
				A2FE7C5128FB2372009A902C /* ExamenGis */,
				A2FE7C5028FB2372009A902C /* Products */,
			);
			sourceTree = "<group>";
		};
		A2FE7C5028FB2372009A902C /* Products */ = {
			isa = PBXGroup;
			children = (
				A2FE7C4F28FB2372009A902C /* ExamenGis.app */,
			);
			name = Products;
			sourceTree = "<group>";
		};
		A2FE7C5128FB2372009A902C /* ExamenGis */ = {
			isa = PBXGroup;
			children = (
				A2FE7C6628FB2402009A902C /* Model */,
				A2FE7C6828FB242D009A902C /* View */,
				A2FE7C6928FB2445009A902C /* Controller */,
				A2FE7C5228FB2372009A902C /* AppDelegate.swift */,
				A2FE7C5428FB2372009A902C /* SceneDelegate.swift */,
				A2FE7C5B28FB2373009A902C /* Assets.xcassets */,
				A2FE7C5D28FB2373009A902C /* LaunchScreen.storyboard */,
				A2FE7C6028FB2373009A902C /* Info.plist */,
			);
			path = ExamenGis;
			sourceTree = "<group>";
		};
		A2FE7C6628FB2402009A902C /* Model */ = {
			isa = PBXGroup;
			children = (
				A2FE7C7328FB3071009A902C /* Datos */,
			);
			path = Model;
			sourceTree = "<group>";
		};
		A2FE7C6828FB242D009A902C /* View */ = {
			isa = PBXGroup;
			children = (
				A2FE7C5828FB2372009A902C /* Main.storyboard */,
				A2FE7C6A28FB257D009A902C /* Cell */,
			);
			path = View;
			sourceTree = "<group>";
		};
		A2FE7C6928FB2445009A902C /* Controller */ = {
			isa = PBXGroup;
			children = (
				A2FE7C5628FB2372009A902C /* ViewController.swift */,
				A204C5DB28FDFAA20035B46B /* DetailMusicViewController.swift */,
				A204C5DC28FDFAA20035B46B /* DetailMusicViewController.xib */,
			);
			path = Controller;
			sourceTree = "<group>";
		};
		A2FE7C6A28FB257D009A902C /* Cell */ = {
			isa = PBXGroup;
			children = (
				A2FE7C6B28FB25FC009A902C /* MusicTableViewCell.swift */,
				A2FE7C6C28FB25FC009A902C /* MusicTableViewCell.xib */,
				A2FE7C7628FB461D009A902C /* SongsTableViewCell.swift */,
				A2FE7C7728FB461D009A902C /* SongsTableViewCell.xib */,
			);
			path = Cell;
			sourceTree = "<group>";
		};
		A2FE7C7328FB3071009A902C /* Datos */ = {
			isa = PBXGroup;
			children = (
				A2FE7C7428FB30AD009A902C /* Datos.swift */,
			);
			path = Datos;
			sourceTree = "<group>";
		};
/* End PBXGroup section */

/* Begin PBXNativeTarget section */
		A2FE7C4E28FB2372009A902C /* ExamenGis */ = {
			isa = PBXNativeTarget;
			buildConfigurationList = A2FE7C6328FB2373009A902C /* Build configuration list for PBXNativeTarget "ExamenGis" */;
			buildPhases = (
				A2FE7C4B28FB2372009A902C /* Sources */,
				A2FE7C4C28FB2372009A902C /* Frameworks */,
				A2FE7C4D28FB2372009A902C /* Resources */,
			);
			buildRules = (
			);
			dependencies = (
			);
			name = ExamenGis;
			productName = ExamenGis;
			productReference = A2FE7C4F28FB2372009A902C /* ExamenGis.app */;
			productType = "com.apple.product-type.application";
		};
/* End PBXNativeTarget section */

/* Begin PBXProject section */
		A2FE7C4728FB2372009A902C /* Project object */ = {
			isa = PBXProject;
			attributes = {
				BuildIndependentTargetsInParallel = 1;
				LastSwiftUpdateCheck = 1310;
				LastUpgradeCheck = 1310;
				TargetAttributes = {
					A2FE7C4E28FB2372009A902C = {
						CreatedOnToolsVersion = 13.1;
					};
				};
			};
			buildConfigurationList = A2FE7C4A28FB2372009A902C /* Build configuration list for PBXProject "ExamenGis" */;
			compatibilityVersion = "Xcode 13.0";
			developmentRegion = en;
			hasScannedForEncodings = 0;
			knownRegions = (
				en,
				Base,
			);
			mainGroup = A2FE7C4628FB2372009A902C;
			productRefGroup = A2FE7C5028FB2372009A902C /* Products */;
			projectDirPath = "";
			projectRoot = "";
			targets = (
				A2FE7C4E28FB2372009A902C /* ExamenGis */,
			);
		};
/* End PBXProject section */

/* Begin PBXResourcesBuildPhase section */
		A2FE7C4D28FB2372009A902C /* Resources */ = {
			isa = PBXResourcesBuildPhase;
			buildActionMask = 2147483647;
			files = (
				A2FE7C5F28FB2373009A902C /* LaunchScreen.storyboard in Resources */,
				A2FE7C5C28FB2373009A902C /* Assets.xcassets in Resources */,
				A2FE7C5A28FB2372009A902C /* Main.storyboard in Resources */,
				A204C5DE28FDFAA20035B46B /* DetailMusicViewController.xib in Resources */,
				A2FE7C7928FB461D009A902C /* SongsTableViewCell.xib in Resources */,
				A2FE7C6E28FB25FC009A902C /* MusicTableViewCell.xib in Resources */,
			);
			runOnlyForDeploymentPostprocessing = 0;
		};
/* End PBXResourcesBuildPhase section */

/* Begin PBXSourcesBuildPhase section */
		A2FE7C4B28FB2372009A902C /* Sources */ = {
			isa = PBXSourcesBuildPhase;
			buildActionMask = 2147483647;
			files = (
				A2FE7C5728FB2372009A902C /* ViewController.swift in Sources */,
				A2FE7C7828FB461D009A902C /* SongsTableViewCell.swift in Sources */,
				A2FE7C5328FB2372009A902C /* AppDelegate.swift in Sources */,
				A2FE7C5528FB2372009A902C /* SceneDelegate.swift in Sources */,
				A2FE7C6D28FB25FC009A902C /* MusicTableViewCell.swift in Sources */,
				A204C5DD28FDFAA20035B46B /* DetailMusicViewController.swift in Sources */,
				A2FE7C7528FB30AD009A902C /* Datos.swift in Sources */,
			);
			runOnlyForDeploymentPostprocessing = 0;
		};
/* End PBXSourcesBuildPhase section */

/* Begin PBXVariantGroup section */
		A2FE7C5828FB2372009A902C /* Main.storyboard */ = {
			isa = PBXVariantGroup;
			children = (
				A2FE7C5928FB2372009A902C /* Base */,
			);
			name = Main.storyboard;
			sourceTree = "<group>";
		};
		A2FE7C5D28FB2373009A902C /* LaunchScreen.storyboard */ = {
			isa = PBXVariantGroup;
			children = (
				A2FE7C5E28FB2373009A902C /* Base */,
			);
			name = LaunchScreen.storyboard;
			sourceTree = "<group>";
		};
/* End PBXVariantGroup section */

/* Begin XCBuildConfiguration section */
		A2FE7C6128FB2373009A902C /* Debug */ = {
			isa = XCBuildConfiguration;
			buildSettings = {
				ALWAYS_SEARCH_USER_PATHS = NO;
				CLANG_ANALYZER_NONNULL = YES;
				CLANG_ANALYZER_NUMBER_OBJECT_CONVERSION = YES_AGGRESSIVE;
				CLANG_CXX_LANGUAGE_STANDARD = "gnu++17";
				CLANG_CXX_LIBRARY = "libc++";
				CLANG_ENABLE_MODULES = YES;
				CLANG_ENABLE_OBJC_ARC = YES;
				CLANG_ENABLE_OBJC_WEAK = YES;
				CLANG_WARN_BLOCK_CAPTURE_AUTORELEASING = YES;
				CLANG_WARN_BOOL_CONVERSION = YES;
				CLANG_WARN_COMMA = YES;
				CLANG_WARN_CONSTANT_CONVERSION = YES;
				CLANG_WARN_DEPRECATED_OBJC_IMPLEMENTATIONS = YES;
				CLANG_WARN_DIRECT_OBJC_ISA_USAGE = YES_ERROR;
				CLANG_WARN_DOCUMENTATION_COMMENTS = YES;
				CLANG_WARN_EMPTY_BODY = YES;
				CLANG_WARN_ENUM_CONVERSION = YES;
				CLANG_WARN_INFINITE_RECURSION = YES;
				CLANG_WARN_INT_CONVERSION = YES;
				CLANG_WARN_NON_LITERAL_NULL_CONVERSION = YES;
				CLANG_WARN_OBJC_IMPLICIT_RETAIN_SELF = YES;
				CLANG_WARN_OBJC_LITERAL_CONVERSION = YES;
				CLANG_WARN_OBJC_ROOT_CLASS = YES_ERROR;
				CLANG_WARN_QUOTED_INCLUDE_IN_FRAMEWORK_HEADER = YES;
				CLANG_WARN_RANGE_LOOP_ANALYSIS = YES;
				CLANG_WARN_STRICT_PROTOTYPES = YES;
				CLANG_WARN_SUSPICIOUS_MOVE = YES;
				CLANG_WARN_UNGUARDED_AVAILABILITY = YES_AGGRESSIVE;
				CLANG_WARN_UNREACHABLE_CODE = YES;
				CLANG_WARN__DUPLICATE_METHOD_MATCH = YES;
				COPY_PHASE_STRIP = NO;
				DEBUG_INFORMATION_FORMAT = dwarf;
				ENABLE_STRICT_OBJC_MSGSEND = YES;
				ENABLE_TESTABILITY = YES;
				GCC_C_LANGUAGE_STANDARD = gnu11;
				GCC_DYNAMIC_NO_PIC = NO;
				GCC_NO_COMMON_BLOCKS = YES;
				GCC_OPTIMIZATION_LEVEL = 0;
				GCC_PREPROCESSOR_DEFINITIONS = (
					"DEBUG=1",
					"$(inherited)",
				);
				GCC_WARN_64_TO_32_BIT_CONVERSION = YES;
				GCC_WARN_ABOUT_RETURN_TYPE = YES_ERROR;
				GCC_WARN_UNDECLARED_SELECTOR = YES;
				GCC_WARN_UNINITIALIZED_AUTOS = YES_AGGRESSIVE;
				GCC_WARN_UNUSED_FUNCTION = YES;
				GCC_WARN_UNUSED_VARIABLE = YES;
				IPHONEOS_DEPLOYMENT_TARGET = 15.0;
				MTL_ENABLE_DEBUG_INFO = INCLUDE_SOURCE;
				MTL_FAST_MATH = YES;
				ONLY_ACTIVE_ARCH = YES;
				SDKROOT = iphoneos;
				SWIFT_ACTIVE_COMPILATION_CONDITIONS = DEBUG;
				SWIFT_OPTIMIZATION_LEVEL = "-Onone";
			};
			name = Debug;
		};
		A2FE7C6228FB2373009A902C /* Release */ = {
			isa = XCBuildConfiguration;
			buildSettings = {
				ALWAYS_SEARCH_USER_PATHS = NO;
				CLANG_ANALYZER_NONNULL = YES;
				CLANG_ANALYZER_NUMBER_OBJECT_CONVERSION = YES_AGGRESSIVE;
				CLANG_CXX_LANGUAGE_STANDARD = "gnu++17";
				CLANG_CXX_LIBRARY = "libc++";
				CLANG_ENABLE_MODULES = YES;
				CLANG_ENABLE_OBJC_ARC = YES;
				CLANG_ENABLE_OBJC_WEAK = YES;
				CLANG_WARN_BLOCK_CAPTURE_AUTORELEASING = YES;
				CLANG_WARN_BOOL_CONVERSION = YES;
				CLANG_WARN_COMMA = YES;
				CLANG_WARN_CONSTANT_CONVERSION = YES;
				CLANG_WARN_DEPRECATED_OBJC_IMPLEMENTATIONS = YES;
				CLANG_WARN_DIRECT_OBJC_ISA_USAGE = YES_ERROR;
				CLANG_WARN_DOCUMENTATION_COMMENTS = YES;
				CLANG_WARN_EMPTY_BODY = YES;
				CLANG_WARN_ENUM_CONVERSION = YES;
				CLANG_WARN_INFINITE_RECURSION = YES;
				CLANG_WARN_INT_CONVERSION = YES;
				CLANG_WARN_NON_LITERAL_NULL_CONVERSION = YES;
				CLANG_WARN_OBJC_IMPLICIT_RETAIN_SELF = YES;
				CLANG_WARN_OBJC_LITERAL_CONVERSION = YES;
				CLANG_WARN_OBJC_ROOT_CLASS = YES_ERROR;
				CLANG_WARN_QUOTED_INCLUDE_IN_FRAMEWORK_HEADER = YES;
				CLANG_WARN_RANGE_LOOP_ANALYSIS = YES;
				CLANG_WARN_STRICT_PROTOTYPES = YES;
				CLANG_WARN_SUSPICIOUS_MOVE = YES;
				CLANG_WARN_UNGUARDED_AVAILABILITY = YES_AGGRESSIVE;
				CLANG_WARN_UNREACHABLE_CODE = YES;
				CLANG_WARN__DUPLICATE_METHOD_MATCH = YES;
				COPY_PHASE_STRIP = NO;
				DEBUG_INFORMATION_FORMAT = "dwarf-with-dsym";
				ENABLE_NS_ASSERTIONS = NO;
				ENABLE_STRICT_OBJC_MSGSEND = YES;
				GCC_C_LANGUAGE_STANDARD = gnu11;
				GCC_NO_COMMON_BLOCKS = YES;
				GCC_WARN_64_TO_32_BIT_CONVERSION = YES;
				GCC_WARN_ABOUT_RETURN_TYPE = YES_ERROR;
				GCC_WARN_UNDECLARED_SELECTOR = YES;
				GCC_WARN_UNINITIALIZED_AUTOS = YES_AGGRESSIVE;
				GCC_WARN_UNUSED_FUNCTION = YES;
				GCC_WARN_UNUSED_VARIABLE = YES;
				IPHONEOS_DEPLOYMENT_TARGET = 15.0;
				MTL_ENABLE_DEBUG_INFO = NO;
				MTL_FAST_MATH = YES;
				SDKROOT = iphoneos;
				SWIFT_COMPILATION_MODE = wholemodule;
				SWIFT_OPTIMIZATION_LEVEL = "-O";
				VALIDATE_PRODUCT = YES;
			};
			name = Release;
		};
		A2FE7C6428FB2373009A902C /* Debug */ = {
			isa = XCBuildConfiguration;
			buildSettings = {
				ASSETCATALOG_COMPILER_APPICON_NAME = AppIcon;
				ASSETCATALOG_COMPILER_GLOBAL_ACCENT_COLOR_NAME = AccentColor;
				CODE_SIGN_STYLE = Automatic;
				CURRENT_PROJECT_VERSION = 1;
				DEVELOPMENT_TEAM = P56ZC78RM6;
				GENERATE_INFOPLIST_FILE = YES;
				INFOPLIST_FILE = ExamenGis/Info.plist;
				INFOPLIST_KEY_UIApplicationSupportsIndirectInputEvents = YES;
				INFOPLIST_KEY_UILaunchStoryboardName = LaunchScreen;
				INFOPLIST_KEY_UIMainStoryboardFile = Main;
				INFOPLIST_KEY_UISupportedInterfaceOrientations_iPad = "UIInterfaceOrientationPortrait UIInterfaceOrientationPortraitUpsideDown UIInterfaceOrientationLandscapeLeft UIInterfaceOrientationLandscapeRight";
				INFOPLIST_KEY_UISupportedInterfaceOrientations_iPhone = "UIInterfaceOrientationPortrait UIInterfaceOrientationLandscapeLeft UIInterfaceOrientationLandscapeRight";
				IPHONEOS_DEPLOYMENT_TARGET = 13.0;
				LD_RUNPATH_SEARCH_PATHS = (
					"$(inherited)",
					"@executable_path/Frameworks",
				);
				MARKETING_VERSION = 1.0;
				PRODUCT_BUNDLE_IDENTIFIER = "-.ExamenGis";
				PRODUCT_NAME = "$(TARGET_NAME)";
				SWIFT_EMIT_LOC_STRINGS = YES;
				SWIFT_VERSION = 5.0;
				TARGETED_DEVICE_FAMILY = 1;
			};
			name = Debug;
		};
		A2FE7C6528FB2373009A902C /* Release */ = {
			isa = XCBuildConfiguration;
			buildSettings = {
				ASSETCATALOG_COMPILER_APPICON_NAME = AppIcon;
				ASSETCATALOG_COMPILER_GLOBAL_ACCENT_COLOR_NAME = AccentColor;
				CODE_SIGN_STYLE = Automatic;
				CURRENT_PROJECT_VERSION = 1;
				DEVELOPMENT_TEAM = P56ZC78RM6;
				GENERATE_INFOPLIST_FILE = YES;
				INFOPLIST_FILE = ExamenGis/Info.plist;
				INFOPLIST_KEY_UIApplicationSupportsIndirectInputEvents = YES;
				INFOPLIST_KEY_UILaunchStoryboardName = LaunchScreen;
				INFOPLIST_KEY_UIMainStoryboardFile = Main;
				INFOPLIST_KEY_UISupportedInterfaceOrientations_iPad = "UIInterfaceOrientationPortrait UIInterfaceOrientationPortraitUpsideDown UIInterfaceOrientationLandscapeLeft UIInterfaceOrientationLandscapeRight";
				INFOPLIST_KEY_UISupportedInterfaceOrientations_iPhone = "UIInterfaceOrientationPortrait UIInterfaceOrientationLandscapeLeft UIInterfaceOrientationLandscapeRight";
				IPHONEOS_DEPLOYMENT_TARGET = 13.0;
				LD_RUNPATH_SEARCH_PATHS = (
					"$(inherited)",
					"@executable_path/Frameworks",
				);
				MARKETING_VERSION = 1.0;
				PRODUCT_BUNDLE_IDENTIFIER = "-.ExamenGis";
				PRODUCT_NAME = "$(TARGET_NAME)";
				SWIFT_EMIT_LOC_STRINGS = YES;
				SWIFT_VERSION = 5.0;
				TARGETED_DEVICE_FAMILY = 1;
			};
			name = Release;
		};
/* End XCBuildConfiguration section */

/* Begin XCConfigurationList section */
		A2FE7C4A28FB2372009A902C /* Build configuration list for PBXProject "ExamenGis" */ = {
			isa = XCConfigurationList;
			buildConfigurations = (
				A2FE7C6128FB2373009A902C /* Debug */,
				A2FE7C6228FB2373009A902C /* Release */,
			);
			defaultConfigurationIsVisible = 0;
			defaultConfigurationName = Release;
		};
		A2FE7C6328FB2373009A902C /* Build configuration list for PBXNativeTarget "ExamenGis" */ = {
			isa = XCConfigurationList;
			buildConfigurations = (
				A2FE7C6428FB2373009A902C /* Debug */,
				A2FE7C6528FB2373009A902C /* Release */,
			);
			defaultConfigurationIsVisible = 0;
			defaultConfigurationName = Release;
		};
/* End XCConfigurationList section */
	};
	rootObject = A2FE7C4728FB2372009A902C /* Project object */;
}
